// !$*UTF8*$!
{
	archiveVersion = 1;
	classes = {
	};
	objectVersion = 56;
	objects = {

/* Begin PBXBuildFile section */
		3C5E72642AA2FCD2008C011F /* Exercise2_Waobikeze_BrianApp.swift in Sources */ = {isa = PBXBuildFile; fileRef = 3C5E72632AA2FCD2008C011F /* Exercise2_Waobikeze_BrianApp.swift */; };
		3C5E72662AA2FCD2008C011F /* ContentView.swift in Sources */ = {isa = PBXBuildFile; fileRef = 3C5E72652AA2FCD2008C011F /* ContentView.swift */; };
		3C5E72682AA2FCD5008C011F /* Assets.xcassets in Resources */ = {isa = PBXBuildFile; fileRef = 3C5E72672AA2FCD5008C011F /* Assets.xcassets */; };
		3C5E726B2AA2FCD5008C011F /* Preview Assets.xcassets in Resources */ = {isa = PBXBuildFile; fileRef = 3C5E726A2AA2FCD5008C011F /* Preview Assets.xcassets */; };
		3C5E72752AA2FCD5008C011F /* Exercise2_Waobikeze_BrianTests.swift in Sources */ = {isa = PBXBuildFile; fileRef = 3C5E72742AA2FCD5008C011F /* Exercise2_Waobikeze_BrianTests.swift */; };
		3C5E727F2AA2FCD5008C011F /* Exercise2_Waobikeze_BrianUITests.swift in Sources */ = {isa = PBXBuildFile; fileRef = 3C5E727E2AA2FCD5008C011F /* Exercise2_Waobikeze_BrianUITests.swift */; };
		3C5E72812AA2FCD5008C011F /* Exercise2_Waobikeze_BrianUITestsLaunchTests.swift in Sources */ = {isa = PBXBuildFile; fileRef = 3C5E72802AA2FCD5008C011F /* Exercise2_Waobikeze_BrianUITestsLaunchTests.swift */; };
		3C71C56B2AA5C4200093308A /* color.swift in Sources */ = {isa = PBXBuildFile; fileRef = 3C71C56A2AA5C4200093308A /* color.swift */; };
		3C71C56D2AA68EB00093308A /* SplashScreenView.swift in Sources */ = {isa = PBXBuildFile; fileRef = 3C71C56C2AA68EB00093308A /* SplashScreenView.swift */; };
		3CF7B1662AAB989900E8281D /* AddTextView.swift in Sources */ = {isa = PBXBuildFile; fileRef = 3CF7B1652AAB989900E8281D /* AddTextView.swift */; };
		3CF7B16A2AADB61B00E8281D /* EditTitleViewRepresentitive.swift in Sources */ = {isa = PBXBuildFile; fileRef = 3CF7B1692AADB61B00E8281D /* EditTitleViewRepresentitive.swift */; };
/* End PBXBuildFile section */

/* Begin PBXContainerItemProxy section */
		3C5E72712AA2FCD5008C011F /* PBXContainerItemProxy */ = {
			isa = PBXContainerItemProxy;
			containerPortal = 3C5E72582AA2FCD2008C011F /* Project object */;
			proxyType = 1;
			remoteGlobalIDString = 3C5E725F2AA2FCD2008C011F;
			remoteInfo = Exercise2_Waobikeze_Brian;
		};
		3C5E727B2AA2FCD5008C011F /* PBXContainerItemProxy */ = {
			isa = PBXContainerItemProxy;
			containerPortal = 3C5E72582AA2FCD2008C011F /* Project object */;
			proxyType = 1;
			remoteGlobalIDString = 3C5E725F2AA2FCD2008C011F;
			remoteInfo = Exercise2_Waobikeze_Brian;
		};
/* End PBXContainerItemProxy section */

/* Begin PBXFileReference section */
		3C5E72602AA2FCD2008C011F /* Exercise2_Waobikeze_Brian.app */ = {isa = PBXFileReference; explicitFileType = wrapper.application; includeInIndex = 0; path = Exercise2_Waobikeze_Brian.app; sourceTree = BUILT_PRODUCTS_DIR; };
		3C5E72632AA2FCD2008C011F /* Exercise2_Waobikeze_BrianApp.swift */ = {isa = PBXFileReference; lastKnownFileType = sourcecode.swift; path = Exercise2_Waobikeze_BrianApp.swift; sourceTree = "<group>"; };
		3C5E72652AA2FCD2008C011F /* ContentView.swift */ = {isa = PBXFileReference; lastKnownFileType = sourcecode.swift; path = ContentView.swift; sourceTree = "<group>"; };
		3C5E72672AA2FCD5008C011F /* Assets.xcassets */ = {isa = PBXFileReference; lastKnownFileType = folder.assetcatalog; path = Assets.xcassets; sourceTree = "<group>"; };
		3C5E726A2AA2FCD5008C011F /* Preview Assets.xcassets */ = {isa = PBXFileReference; lastKnownFileType = folder.assetcatalog; path = "Preview Assets.xcassets"; sourceTree = "<group>"; };
		3C5E72702AA2FCD5008C011F /* Exercise2_Waobikeze_BrianTests.xctest */ = {isa = PBXFileReference; explicitFileType = wrapper.cfbundle; includeInIndex = 0; path = Exercise2_Waobikeze_BrianTests.xctest; sourceTree = BUILT_PRODUCTS_DIR; };
		3C5E72742AA2FCD5008C011F /* Exercise2_Waobikeze_BrianTests.swift */ = {isa = PBXFileReference; lastKnownFileType = sourcecode.swift; path = Exercise2_Waobikeze_BrianTests.swift; sourceTree = "<group>"; };
		3C5E727A2AA2FCD5008C011F /* Exercise2_Waobikeze_BrianUITests.xctest */ = {isa = PBXFileReference; explicitFileType = wrapper.cfbundle; includeInIndex = 0; path = Exercise2_Waobikeze_BrianUITests.xctest; sourceTree = BUILT_PRODUCTS_DIR; };
		3C5E727E2AA2FCD5008C011F /* Exercise2_Waobikeze_BrianUITests.swift */ = {isa = PBXFileReference; lastKnownFileType = sourcecode.swift; path = Exercise2_Waobikeze_BrianUITests.swift; sourceTree = "<group>"; };
		3C5E72802AA2FCD5008C011F /* Exercise2_Waobikeze_BrianUITestsLaunchTests.swift */ = {isa = PBXFileReference; lastKnownFileType = sourcecode.swift; path = Exercise2_Waobikeze_BrianUITestsLaunchTests.swift; sourceTree = "<group>"; };
		3C71C56A2AA5C4200093308A /* color.swift */ = {isa = PBXFileReference; lastKnownFileType = sourcecode.swift; path = color.swift; sourceTree = "<group>"; };
		3C71C56C2AA68EB00093308A /* SplashScreenView.swift */ = {isa = PBXFileReference; lastKnownFileType = sourcecode.swift; path = SplashScreenView.swift; sourceTree = "<group>"; };
		3CF7B1652AAB989900E8281D /* AddTextView.swift */ = {isa = PBXFileReference; lastKnownFileType = sourcecode.swift; path = AddTextView.swift; sourceTree = "<group>"; };
		3CF7B1692AADB61B00E8281D /* EditTitleViewRepresentitive.swift */ = {isa = PBXFileReference; lastKnownFileType = sourcecode.swift; path = EditTitleViewRepresentitive.swift; sourceTree = "<group>"; };
/* End PBXFileReference section */

/* Begin PBXFrameworksBuildPhase section */
		3C5E725D2AA2FCD2008C011F /* Frameworks */ = {
			isa = PBXFrameworksBuildPhase;
			buildActionMask = 2147483647;
			files = (
			);
			runOnlyForDeploymentPostprocessing = 0;
		};
		3C5E726D2AA2FCD5008C011F /* Frameworks */ = {
			isa = PBXFrameworksBuildPhase;
			buildActionMask = 2147483647;
			files = (
			);
			runOnlyForDeploymentPostprocessing = 0;
		};
		3C5E72772AA2FCD5008C011F /* Frameworks */ = {
			isa = PBXFrameworksBuildPhase;
			buildActionMask = 2147483647;
			files = (
			);
			runOnlyForDeploymentPostprocessing = 0;
		};
/* End PBXFrameworksBuildPhase section */

/* Begin PBXGroup section */
		3C5E72572AA2FCD2008C011F = {
			isa = PBXGroup;
			children = (
				3C71C56A2AA5C4200093308A /* color.swift */,
				3C5E72622AA2FCD2008C011F /* Exercise2_Waobikeze_Brian */,
				3C5E72732AA2FCD5008C011F /* Exercise2_Waobikeze_BrianTests */,
				3C5E727D2AA2FCD5008C011F /* Exercise2_Waobikeze_BrianUITests */,
				3C5E72612AA2FCD2008C011F /* Products */,
			);
			sourceTree = "<group>";
		};
		3C5E72612AA2FCD2008C011F /* Products */ = {
			isa = PBXGroup;
			children = (
				3C5E72602AA2FCD2008C011F /* Exercise2_Waobikeze_Brian.app */,
				3C5E72702AA2FCD5008C011F /* Exercise2_Waobikeze_BrianTests.xctest */,
				3C5E727A2AA2FCD5008C011F /* Exercise2_Waobikeze_BrianUITests.xctest */,
			);
			name = Products;
			sourceTree = "<group>";
		};
		3C5E72622AA2FCD2008C011F /* Exercise2_Waobikeze_Brian */ = {
			isa = PBXGroup;
			children = (
				3C5E72632AA2FCD2008C011F /* Exercise2_Waobikeze_BrianApp.swift */,
				3C5E72652AA2FCD2008C011F /* ContentView.swift */,
				3C5E72672AA2FCD5008C011F /* Assets.xcassets */,
				3C5E72692AA2FCD5008C011F /* Preview Content */,
				3C71C56C2AA68EB00093308A /* SplashScreenView.swift */,
				3CF7B1652AAB989900E8281D /* AddTextView.swift */,
				3CF7B1692AADB61B00E8281D /* EditTitleViewRepresentitive.swift */,
			);
			path = Exercise2_Waobikeze_Brian;
			sourceTree = "<group>";
		};
		3C5E72692AA2FCD5008C011F /* Preview Content */ = {
			isa = PBXGroup;
			children = (
				3C5E726A2AA2FCD5008C011F /* Preview Assets.xcassets */,
			);
			path = "Preview Content";
			sourceTree = "<group>";
		};
		3C5E72732AA2FCD5008C011F /* Exercise2_Waobikeze_BrianTests */ = {
			isa = PBXGroup;
			children = (
				3C5E72742AA2FCD5008C011F /* Exercise2_Waobikeze_BrianTests.swift */,
			);
			path = Exercise2_Waobikeze_BrianTests;
			sourceTree = "<group>";
		};
		3C5E727D2AA2FCD5008C011F /* Exercise2_Waobikeze_BrianUITests */ = {
			isa = PBXGroup;
			children = (
				3C5E727E2AA2FCD5008C011F /* Exercise2_Waobikeze_BrianUITests.swift */,
				3C5E72802AA2FCD5008C011F /* Exercise2_Waobikeze_BrianUITestsLaunchTests.swift */,
			);
			path = Exercise2_Waobikeze_BrianUITests;
			sourceTree = "<group>";
		};
/* End PBXGroup section */

/* Begin PBXNativeTarget section */
		3C5E725F2AA2FCD2008C011F /* Exercise2_Waobikeze_Brian */ = {
			isa = PBXNativeTarget;
			buildConfigurationList = 3C5E72842AA2FCD5008C011F /* Build configuration list for PBXNativeTarget "Exercise2_Waobikeze_Brian" */;
			buildPhases = (
				3C5E725C2AA2FCD2008C011F /* Sources */,
				3C5E725D2AA2FCD2008C011F /* Frameworks */,
				3C5E725E2AA2FCD2008C011F /* Resources */,
			);
			buildRules = (
			);
			dependencies = (
			);
			name = Exercise2_Waobikeze_Brian;
			productName = Exercise2_Waobikeze_Brian;
			productReference = 3C5E72602AA2FCD2008C011F /* Exercise2_Waobikeze_Brian.app */;
			productType = "com.apple.product-type.application";
		};
		3C5E726F2AA2FCD5008C011F /* Exercise2_Waobikeze_BrianTests */ = {
			isa = PBXNativeTarget;
			buildConfigurationList = 3C5E72872AA2FCD5008C011F /* Build configuration list for PBXNativeTarget "Exercise2_Waobikeze_BrianTests" */;
			buildPhases = (
				3C5E726C2AA2FCD5008C011F /* Sources */,
				3C5E726D2AA2FCD5008C011F /* Frameworks */,
				3C5E726E2AA2FCD5008C011F /* Resources */,
			);
			buildRules = (
			);
			dependencies = (
				3C5E72722AA2FCD5008C011F /* PBXTargetDependency */,
			);
			name = Exercise2_Waobikeze_BrianTests;
			productName = Exercise2_Waobikeze_BrianTests;
			productReference = 3C5E72702AA2FCD5008C011F /* Exercise2_Waobikeze_BrianTests.xctest */;
			productType = "com.apple.product-type.bundle.unit-test";
		};
		3C5E72792AA2FCD5008C011F /* Exercise2_Waobikeze_BrianUITests */ = {
			isa = PBXNativeTarget;
			buildConfigurationList = 3C5E728A2AA2FCD5008C011F /* Build configuration list for PBXNativeTarget "Exercise2_Waobikeze_BrianUITests" */;
			buildPhases = (
				3C5E72762AA2FCD5008C011F /* Sources */,
				3C5E72772AA2FCD5008C011F /* Frameworks */,
				3C5E72782AA2FCD5008C011F /* Resources */,
			);
			buildRules = (
			);
			dependencies = (
				3C5E727C2AA2FCD5008C011F /* PBXTargetDependency */,
			);
			name = Exercise2_Waobikeze_BrianUITests;
			productName = Exercise2_Waobikeze_BrianUITests;
			productReference = 3C5E727A2AA2FCD5008C011F /* Exercise2_Waobikeze_BrianUITests.xctest */;
			productType = "com.apple.product-type.bundle.ui-testing";
		};
/* End PBXNativeTarget section */

/* Begin PBXProject section */
		3C5E72582AA2FCD2008C011F /* Project object */ = {
			isa = PBXProject;
			attributes = {
				BuildIndependentTargetsInParallel = 1;
				LastSwiftUpdateCheck = 1430;
				LastUpgradeCheck = 1430;
				TargetAttributes = {
					3C5E725F2AA2FCD2008C011F = {
						CreatedOnToolsVersion = 14.3.1;
					};
					3C5E726F2AA2FCD5008C011F = {
						CreatedOnToolsVersion = 14.3.1;
						TestTargetID = 3C5E725F2AA2FCD2008C011F;
					};
					3C5E72792AA2FCD5008C011F = {
						CreatedOnToolsVersion = 14.3.1;
						TestTargetID = 3C5E725F2AA2FCD2008C011F;
					};
				};
			};
			buildConfigurationList = 3C5E725B2AA2FCD2008C011F /* Build configuration list for PBXProject "Exercise2_Waobikeze_Brian" */;
			compatibilityVersion = "Xcode 14.0";
			developmentRegion = en;
			hasScannedForEncodings = 0;
			knownRegions = (
				en,
				Base,
			);
			mainGroup = 3C5E72572AA2FCD2008C011F;
			productRefGroup = 3C5E72612AA2FCD2008C011F /* Products */;
			projectDirPath = "";
			projectRoot = "";
			targets = (
				3C5E725F2AA2FCD2008C011F /* Exercise2_Waobikeze_Brian */,
				3C5E726F2AA2FCD5008C011F /* Exercise2_Waobikeze_BrianTests */,
				3C5E72792AA2FCD5008C011F /* Exercise2_Waobikeze_BrianUITests */,
			);
		};
/* End PBXProject section */

/* Begin PBXResourcesBuildPhase section */
		3C5E725E2AA2FCD2008C011F /* Resources */ = {
			isa = PBXResourcesBuildPhase;
			buildActionMask = 2147483647;
			files = (
				3C5E726B2AA2FCD5008C011F /* Preview Assets.xcassets in Resources */,
				3C5E72682AA2FCD5008C011F /* Assets.xcassets in Resources */,
			);
			runOnlyForDeploymentPostprocessing = 0;
		};
		3C5E726E2AA2FCD5008C011F /* Resources */ = {
			isa = PBXResourcesBuildPhase;
			buildActionMask = 2147483647;
			files = (
			);
			runOnlyForDeploymentPostprocessing = 0;
		};
		3C5E72782AA2FCD5008C011F /* Resources */ = {
			isa = PBXResourcesBuildPhase;
			buildActionMask = 2147483647;
			files = (
			);
			runOnlyForDeploymentPostprocessing = 0;
		};
/* End PBXResourcesBuildPhase section */

/* Begin PBXSourcesBuildPhase section */
		3C5E725C2AA2FCD2008C011F /* Sources */ = {
			isa = PBXSourcesBuildPhase;
			buildActionMask = 2147483647;
			files = (
				3C71C56B2AA5C4200093308A /* color.swift in Sources */,
				3C5E72662AA2FCD2008C011F /* ContentView.swift in Sources */,
				3CF7B16A2AADB61B00E8281D /* EditTitleViewRepresentitive.swift in Sources */,
				3C5E72642AA2FCD2008C011F /* Exercise2_Waobikeze_BrianApp.swift in Sources */,
				3C71C56D2AA68EB00093308A /* SplashScreenView.swift in Sources */,
				3CF7B1662AAB989900E8281D /* AddTextView.swift in Sources */,
			);
			runOnlyForDeploymentPostprocessing = 0;
		};
		3C5E726C2AA2FCD5008C011F /* Sources */ = {
			isa = PBXSourcesBuildPhase;
			buildActionMask = 2147483647;
			files = (
				3C5E72752AA2FCD5008C011F /* Exercise2_Waobikeze_BrianTests.swift in Sources */,
			);
			runOnlyForDeploymentPostprocessing = 0;
		};
		3C5E72762AA2FCD5008C011F /* Sources */ = {
			isa = PBXSourcesBuildPhase;
			buildActionMask = 2147483647;
			files = (
				3C5E72812AA2FCD5008C011F /* Exercise2_Waobikeze_BrianUITestsLaunchTests.swift in Sources */,
				3C5E727F2AA2FCD5008C011F /* Exercise2_Waobikeze_BrianUITests.swift in Sources */,
			);
			runOnlyForDeploymentPostprocessing = 0;
		};
/* End PBXSourcesBuildPhase section */

/* Begin PBXTargetDependency section */
		3C5E72722AA2FCD5008C011F /* PBXTargetDependency */ = {
			isa = PBXTargetDependency;
			target = 3C5E725F2AA2FCD2008C011F /* Exercise2_Waobikeze_Brian */;
			targetProxy = 3C5E72712AA2FCD5008C011F /* PBXContainerItemProxy */;
		};
		3C5E727C2AA2FCD5008C011F /* PBXTargetDependency */ = {
			isa = PBXTargetDependency;
			target = 3C5E725F2AA2FCD2008C011F /* Exercise2_Waobikeze_Brian */;
			targetProxy = 3C5E727B2AA2FCD5008C011F /* PBXContainerItemProxy */;
		};
/* End PBXTargetDependency section */

/* Begin XCBuildConfiguration section */
		3C5E72822AA2FCD5008C011F /* Debug */ = {
			isa = XCBuildConfiguration;
			buildSettings = {
				ALWAYS_SEARCH_USER_PATHS = NO;
				CLANG_ANALYZER_NONNULL = YES;
				CLANG_ANALYZER_NUMBER_OBJECT_CONVERSION = YES_AGGRESSIVE;
				CLANG_CXX_LANGUAGE_STANDARD = "gnu++20";
				CLANG_ENABLE_MODULES = YES;
				CLANG_ENABLE_OBJC_ARC = YES;
				CLANG_ENABLE_OBJC_WEAK = YES;
				CLANG_WARN_BLOCK_CAPTURE_AUTORELEASING = YES;
				CLANG_WARN_BOOL_CONVERSION = YES;
				CLANG_WARN_COMMA = YES;
				CLANG_WARN_CONSTANT_CONVERSION = YES;
				CLANG_WARN_DEPRECATED_OBJC_IMPLEMENTATIONS = YES;
				CLANG_WARN_DIRECT_OBJC_ISA_USAGE = YES_ERROR;
				CLANG_WARN_DOCUMENTATION_COMMENTS = YES;
				CLANG_WARN_EMPTY_BODY = YES;
				CLANG_WARN_ENUM_CONVERSION = YES;
				CLANG_WARN_INFINITE_RECURSION = YES;
				CLANG_WARN_INT_CONVERSION = YES;
				CLANG_WARN_NON_LITERAL_NULL_CONVERSION = YES;
				CLANG_WARN_OBJC_IMPLICIT_RETAIN_SELF = YES;
				CLANG_WARN_OBJC_LITERAL_CONVERSION = YES;
				CLANG_WARN_OBJC_ROOT_CLASS = YES_ERROR;
				CLANG_WARN_QUOTED_INCLUDE_IN_FRAMEWORK_HEADER = YES;
				CLANG_WARN_RANGE_LOOP_ANALYSIS = YES;
				CLANG_WARN_STRICT_PROTOTYPES = YES;
				CLANG_WARN_SUSPICIOUS_MOVE = YES;
				CLANG_WARN_UNGUARDED_AVAILABILITY = YES_AGGRESSIVE;
				CLANG_WARN_UNREACHABLE_CODE = YES;
				CLANG_WARN__DUPLICATE_METHOD_MATCH = YES;
				COPY_PHASE_STRIP = NO;
				DEBUG_INFORMATION_FORMAT = dwarf;
				ENABLE_STRICT_OBJC_MSGSEND = YES;
				ENABLE_TESTABILITY = YES;
				GCC_C_LANGUAGE_STANDARD = gnu11;
				GCC_DYNAMIC_NO_PIC = NO;
				GCC_NO_COMMON_BLOCKS = YES;
				GCC_OPTIMIZATION_LEVEL = 0;
				GCC_PREPROCESSOR_DEFINITIONS = (
					"DEBUG=1",
					"$(inherited)",
				);
				GCC_WARN_64_TO_32_BIT_CONVERSION = YES;
				GCC_WARN_ABOUT_RETURN_TYPE = YES_ERROR;
				GCC_WARN_UNDECLARED_SELECTOR = YES;
				GCC_WARN_UNINITIALIZED_AUTOS = YES_AGGRESSIVE;
				GCC_WARN_UNUSED_FUNCTION = YES;
				GCC_WARN_UNUSED_VARIABLE = YES;
				IPHONEOS_DEPLOYMENT_TARGET = 16.4;
				MTL_ENABLE_DEBUG_INFO = INCLUDE_SOURCE;
				MTL_FAST_MATH = YES;
				ONLY_ACTIVE_ARCH = YES;
				SDKROOT = iphoneos;
				SWIFT_ACTIVE_COMPILATION_CONDITIONS = DEBUG;
				SWIFT_OPTIMIZATION_LEVEL = "-Onone";
			};
			name = Debug;
		};
		3C5E72832AA2FCD5008C011F /* Release */ = {
			isa = XCBuildConfiguration;
			buildSettings = {
				ALWAYS_SEARCH_USER_PATHS = NO;
				CLANG_ANALYZER_NONNULL = YES;
				CLANG_ANALYZER_NUMBER_OBJECT_CONVERSION = YES_AGGRESSIVE;
				CLANG_CXX_LANGUAGE_STANDARD = "gnu++20";
				CLANG_ENABLE_MODULES = YES;
				CLANG_ENABLE_OBJC_ARC = YES;
				CLANG_ENABLE_OBJC_WEAK = YES;
				CLANG_WARN_BLOCK_CAPTURE_AUTORELEASING = YES;
				CLANG_WARN_BOOL_CONVERSION = YES;
				CLANG_WARN_COMMA = YES;
				CLANG_WARN_CONSTANT_CONVERSION = YES;
				CLANG_WARN_DEPRECATED_OBJC_IMPLEMENTATIONS = YES;
				CLANG_WARN_DIRECT_OBJC_ISA_USAGE = YES_ERROR;
				CLANG_WARN_DOCUMENTATION_COMMENTS = YES;
				CLANG_WARN_EMPTY_BODY = YES;
				CLANG_WARN_ENUM_CONVERSION = YES;
				CLANG_WARN_INFINITE_RECURSION = YES;
				CLANG_WARN_INT_CONVERSION = YES;
				CLANG_WARN_NON_LITERAL_NULL_CONVERSION = YES;
				CLANG_WARN_OBJC_IMPLICIT_RETAIN_SELF = YES;
				CLANG_WARN_OBJC_LITERAL_CONVERSION = YES;
				CLANG_WARN_OBJC_ROOT_CLASS = YES_ERROR;
				CLANG_WARN_QUOTED_INCLUDE_IN_FRAMEWORK_HEADER = YES;
				CLANG_WARN_RANGE_LOOP_ANALYSIS = YES;
				CLANG_WARN_STRICT_PROTOTYPES = YES;
				CLANG_WARN_SUSPICIOUS_MOVE = YES;
				CLANG_WARN_UNGUARDED_AVAILABILITY = YES_AGGRESSIVE;
				CLANG_WARN_UNREACHABLE_CODE = YES;
				CLANG_WARN__DUPLICATE_METHOD_MATCH = YES;
				COPY_PHASE_STRIP = NO;
				DEBUG_INFORMATION_FORMAT = "dwarf-with-dsym";
				ENABLE_NS_ASSERTIONS = NO;
				ENABLE_STRICT_OBJC_MSGSEND = YES;
				GCC_C_LANGUAGE_STANDARD = gnu11;
				GCC_NO_COMMON_BLOCKS = YES;
				GCC_WARN_64_TO_32_BIT_CONVERSION = YES;
				GCC_WARN_ABOUT_RETURN_TYPE = YES_ERROR;
				GCC_WARN_UNDECLARED_SELECTOR = YES;
				GCC_WARN_UNINITIALIZED_AUTOS = YES_AGGRESSIVE;
				GCC_WARN_UNUSED_FUNCTION = YES;
				GCC_WARN_UNUSED_VARIABLE = YES;
				IPHONEOS_DEPLOYMENT_TARGET = 16.4;
				MTL_ENABLE_DEBUG_INFO = NO;
				MTL_FAST_MATH = YES;
				SDKROOT = iphoneos;
				SWIFT_COMPILATION_MODE = wholemodule;
				SWIFT_OPTIMIZATION_LEVEL = "-O";
				VALIDATE_PRODUCT = YES;
			};
			name = Release;
		};
		3C5E72852AA2FCD5008C011F /* Debug */ = {
			isa = XCBuildConfiguration;
			buildSettings = {
				ASSETCATALOG_COMPILER_APPICON_NAME = AppIcon;
				ASSETCATALOG_COMPILER_GLOBAL_ACCENT_COLOR_NAME = AccentColor;
				CODE_SIGN_STYLE = Automatic;
				CURRENT_PROJECT_VERSION = 1;
				DEVELOPMENT_ASSET_PATHS = "\"Exercise2_Waobikeze_Brian/Preview Content\"";
				ENABLE_PREVIEWS = YES;
				GENERATE_INFOPLIST_FILE = YES;
				INFOPLIST_KEY_UIApplicationSceneManifest_Generation = YES;
				INFOPLIST_KEY_UIApplicationSupportsIndirectInputEvents = YES;
				INFOPLIST_KEY_UILaunchScreen_Generation = YES;
				INFOPLIST_KEY_UISupportedInterfaceOrientations_iPad = "UIInterfaceOrientationPortrait UIInterfaceOrientationPortraitUpsideDown UIInterfaceOrientationLandscapeLeft UIInterfaceOrientationLandscapeRight";
				INFOPLIST_KEY_UISupportedInterfaceOrientations_iPhone = "UIInterfaceOrientationPortrait UIInterfaceOrientationLandscapeLeft UIInterfaceOrientationLandscapeRight";
				LD_RUNPATH_SEARCH_PATHS = (
					"$(inherited)",
					"@executable_path/Frameworks",
				);
				MARKETING_VERSION = 1.0;
				PRODUCT_BUNDLE_IDENTIFIER = "cpp.Exercise2-Waobikeze-Brian";
				PRODUCT_NAME = "$(TARGET_NAME)";
				SWIFT_EMIT_LOC_STRINGS = YES;
				SWIFT_VERSION = 5.0;
				TARGETED_DEVICE_FAMILY = "1,2";
			};
			name = Debug;
		};
		3C5E72862AA2FCD5008C011F /* Release */ = {
			isa = XCBuildConfiguration;
			buildSettings = {
				ASSETCATALOG_COMPILER_APPICON_NAME = AppIcon;
				ASSETCATALOG_COMPILER_GLOBAL_ACCENT_COLOR_NAME = AccentColor;
				CODE_SIGN_STYLE = Automatic;
				CURRENT_PROJECT_VERSION = 1;
				DEVELOPMENT_ASSET_PATHS = "\"Exercise2_Waobikeze_Brian/Preview Content\"";
				ENABLE_PREVIEWS = YES;
				GENERATE_INFOPLIST_FILE = YES;
				INFOPLIST_KEY_UIApplicationSceneManifest_Generation = YES;
				INFOPLIST_KEY_UIApplicationSupportsIndirectInputEvents = YES;
				INFOPLIST_KEY_UILaunchScreen_Generation = YES;
				INFOPLIST_KEY_UISupportedInterfaceOrientations_iPad = "UIInterfaceOrientationPortrait UIInterfaceOrientationPortraitUpsideDown UIInterfaceOrientationLandscapeLeft UIInterfaceOrientationLandscapeRight";
				INFOPLIST_KEY_UISupportedInterfaceOrientations_iPhone = "UIInterfaceOrientationPortrait UIInterfaceOrientationLandscapeLeft UIInterfaceOrientationLandscapeRight";
				LD_RUNPATH_SEARCH_PATHS = (
					"$(inherited)",
					"@executable_path/Frameworks",
				);
				MARKETING_VERSION = 1.0;
				PRODUCT_BUNDLE_IDENTIFIER = "cpp.Exercise2-Waobikeze-Brian";
				PRODUCT_NAME = "$(TARGET_NAME)";
				SWIFT_EMIT_LOC_STRINGS = YES;
				SWIFT_VERSION = 5.0;
				TARGETED_DEVICE_FAMILY = "1,2";
			};
			name = Release;
		};
		3C5E72882AA2FCD5008C011F /* Debug */ = {
			isa = XCBuildConfiguration;
			buildSettings = {
				ALWAYS_EMBED_SWIFT_STANDARD_LIBRARIES = YES;
				BUNDLE_LOADER = "$(TEST_HOST)";
				CODE_SIGN_STYLE = Automatic;
				CURRENT_PROJECT_VERSION = 1;
				GENERATE_INFOPLIST_FILE = YES;
				IPHONEOS_DEPLOYMENT_TARGET = 16.4;
				MARKETING_VERSION = 1.0;
				PRODUCT_BUNDLE_IDENTIFIER = "cpp.Exercise2-Waobikeze-BrianTests";
				PRODUCT_NAME = "$(TARGET_NAME)";
				SWIFT_EMIT_LOC_STRINGS = NO;
				SWIFT_VERSION = 5.0;
				TARGETED_DEVICE_FAMILY = "1,2";
				TEST_HOST = "$(BUILT_PRODUCTS_DIR)/Exercise2_Waobikeze_Brian.app/$(BUNDLE_EXECUTABLE_FOLDER_PATH)/Exercise2_Waobikeze_Brian";
			};
			name = Debug;
		};
		3C5E72892AA2FCD5008C011F /* Release */ = {
			isa = XCBuildConfiguration;
			buildSettings = {
				ALWAYS_EMBED_SWIFT_STANDARD_LIBRARIES = YES;
				BUNDLE_LOADER = "$(TEST_HOST)";
				CODE_SIGN_STYLE = Automatic;
				CURRENT_PROJECT_VERSION = 1;
				GENERATE_INFOPLIST_FILE = YES;
				IPHONEOS_DEPLOYMENT_TARGET = 16.4;
				MARKETING_VERSION = 1.0;
				PRODUCT_BUNDLE_IDENTIFIER = "cpp.Exercise2-Waobikeze-BrianTests";
				PRODUCT_NAME = "$(TARGET_NAME)";
				SWIFT_EMIT_LOC_STRINGS = NO;
				SWIFT_VERSION = 5.0;
				TARGETED_DEVICE_FAMILY = "1,2";
				TEST_HOST = "$(BUILT_PRODUCTS_DIR)/Exercise2_Waobikeze_Brian.app/$(BUNDLE_EXECUTABLE_FOLDER_PATH)/Exercise2_Waobikeze_Brian";
			};
			name = Release;
		};
		3C5E728B2AA2FCD5008C011F /* Debug */ = {
			isa = XCBuildConfiguration;
			buildSettings = {
				ALWAYS_EMBED_SWIFT_STANDARD_LIBRARIES = YES;
				CODE_SIGN_STYLE = Automatic;
				CURRENT_PROJECT_VERSION = 1;
				GENERATE_INFOPLIST_FILE = YES;
				MARKETING_VERSION = 1.0;
				PRODUCT_BUNDLE_IDENTIFIER = "cpp.Exercise2-Waobikeze-BrianUITests";
				PRODUCT_NAME = "$(TARGET_NAME)";
				SWIFT_EMIT_LOC_STRINGS = NO;
				SWIFT_VERSION = 5.0;
				TARGETED_DEVICE_FAMILY = "1,2";
				TEST_TARGET_NAME = Exercise2_Waobikeze_Brian;
			};
			name = Debug;
		};
		3C5E728C2AA2FCD5008C011F /* Release */ = {
			isa = XCBuildConfiguration;
			buildSettings = {
				ALWAYS_EMBED_SWIFT_STANDARD_LIBRARIES = YES;
				CODE_SIGN_STYLE = Automatic;
				CURRENT_PROJECT_VERSION = 1;
				GENERATE_INFOPLIST_FILE = YES;
				MARKETING_VERSION = 1.0;
				PRODUCT_BUNDLE_IDENTIFIER = "cpp.Exercise2-Waobikeze-BrianUITests";
				PRODUCT_NAME = "$(TARGET_NAME)";
				SWIFT_EMIT_LOC_STRINGS = NO;
				SWIFT_VERSION = 5.0;
				TARGETED_DEVICE_FAMILY = "1,2";
				TEST_TARGET_NAME = Exercise2_Waobikeze_Brian;
			};
			name = Release;
		};
/* End XCBuildConfiguration section */

/* Begin XCConfigurationList section */
		3C5E725B2AA2FCD2008C011F /* Build configuration list for PBXProject "Exercise2_Waobikeze_Brian" */ = {
			isa = XCConfigurationList;
			buildConfigurations = (
				3C5E72822AA2FCD5008C011F /* Debug */,
				3C5E72832AA2FCD5008C011F /* Release */,
			);
			defaultConfigurationIsVisible = 0;
			defaultConfigurationName = Release;
		};
		3C5E72842AA2FCD5008C011F /* Build configuration list for PBXNativeTarget "Exercise2_Waobikeze_Brian" */ = {
			isa = XCConfigurationList;
			buildConfigurations = (
				3C5E72852AA2FCD5008C011F /* Debug */,
				3C5E72862AA2FCD5008C011F /* Release */,
			);
			defaultConfigurationIsVisible = 0;
			defaultConfigurationName = Release;
		};
		3C5E72872AA2FCD5008C011F /* Build configuration list for PBXNativeTarget "Exercise2_Waobikeze_BrianTests" */ = {
			isa = XCConfigurationList;
			buildConfigurations = (
				3C5E72882AA2FCD5008C011F /* Debug */,
				3C5E72892AA2FCD5008C011F /* Release */,
			);
			defaultConfigurationIsVisible = 0;
			defaultConfigurationName = Release;
		};
		3C5E728A2AA2FCD5008C011F /* Build configuration list for PBXNativeTarget "Exercise2_Waobikeze_BrianUITests" */ = {
			isa = XCConfigurationList;
			buildConfigurations = (
				3C5E728B2AA2FCD5008C011F /* Debug */,
				3C5E728C2AA2FCD5008C011F /* Release */,
			);
			defaultConfigurationIsVisible = 0;
			defaultConfigurationName = Release;
		};
/* End XCConfigurationList section */
	};
	rootObject = 3C5E72582AA2FCD2008C011F /* Project object */;
}
